// !$*UTF8*$!
{
	archiveVersion = 1;
	classes = {
	};
	objectVersion = 56;
	objects = {

/* Begin PBXBuildFile section */
		D24CE3082B6F2D2000EDD413 /* ErrorModels.swift in Sources */ = {isa = PBXBuildFile; fileRef = D24CE3072B6F2D2000EDD413 /* ErrorModels.swift */; };
		D24CE30A2B6F7AB700EDD413 /* PromptModel.swift in Sources */ = {isa = PBXBuildFile; fileRef = D24CE3092B6F7AB700EDD413 /* PromptModel.swift */; };
		D29E26902B6DDBF400E0FCFF /* ScreenshotAppApp.swift in Sources */ = {isa = PBXBuildFile; fileRef = D29E268F2B6DDBF400E0FCFF /* ScreenshotAppApp.swift */; };
		D29E26922B6DDBF400E0FCFF /* ContentView.swift in Sources */ = {isa = PBXBuildFile; fileRef = D29E26912B6DDBF400E0FCFF /* ContentView.swift */; };
		D29E26942B6DDBF500E0FCFF /* Assets.xcassets in Resources */ = {isa = PBXBuildFile; fileRef = D29E26932B6DDBF500E0FCFF /* Assets.xcassets */; };
		D29E26972B6DDBF500E0FCFF /* Preview Assets.xcassets in Resources */ = {isa = PBXBuildFile; fileRef = D29E26962B6DDBF500E0FCFF /* Preview Assets.xcassets */; };
		D29E26A22B6DDBF500E0FCFF /* ScreenshotAppTests.swift in Sources */ = {isa = PBXBuildFile; fileRef = D29E26A12B6DDBF500E0FCFF /* ScreenshotAppTests.swift */; };
		D29E26AC2B6DDBF500E0FCFF /* ScreenshotAppUITests.swift in Sources */ = {isa = PBXBuildFile; fileRef = D29E26AB2B6DDBF500E0FCFF /* ScreenshotAppUITests.swift */; };
		D29E26AE2B6DDBF500E0FCFF /* ScreenshotAppUITestsLaunchTests.swift in Sources */ = {isa = PBXBuildFile; fileRef = D29E26AD2B6DDBF500E0FCFF /* ScreenshotAppUITestsLaunchTests.swift */; };
		D29E26BB2B6DDC0600E0FCFF /* PopupView.swift in Sources */ = {isa = PBXBuildFile; fileRef = D29E26BA2B6DDC0600E0FCFF /* PopupView.swift */; };
		D29E26BD2B6DDC1E00E0FCFF /* AppDelegate.swift in Sources */ = {isa = PBXBuildFile; fileRef = D29E26BC2B6DDC1E00E0FCFF /* AppDelegate.swift */; };
		D29E26BF2B6DF01900E0FCFF /* WindowManager.swift in Sources */ = {isa = PBXBuildFile; fileRef = D29E26BE2B6DF01900E0FCFF /* WindowManager.swift */; };
		D2A699B72B6E200F0034587B /* SelectionView.swift in Sources */ = {isa = PBXBuildFile; fileRef = D2A699B62B6E200F0034587B /* SelectionView.swift */; };
		D2A699B92B6E220B0034587B /* SelectionViewRepresentable.swift in Sources */ = {isa = PBXBuildFile; fileRef = D2A699B82B6E220B0034587B /* SelectionViewRepresentable.swift */; };
		D2A699BC2B6E39810034587B /* ScreenCaptureManager.swift in Sources */ = {isa = PBXBuildFile; fileRef = D2A699BB2B6E39810034587B /* ScreenCaptureManager.swift */; };
		D2A699C42B6EE3530034587B /* ImageRequestModel.swift in Sources */ = {isa = PBXBuildFile; fileRef = D2A699C32B6EE3530034587B /* ImageRequestModel.swift */; };
		D2A699C62B6EE8080034587B /* ImageRequest.swift in Sources */ = {isa = PBXBuildFile; fileRef = D2A699C52B6EE8080034587B /* ImageRequest.swift */; };
		D2A699C82B6EFE280034587B /* ImageResponseModel.swift in Sources */ = {isa = PBXBuildFile; fileRef = D2A699C72B6EFE280034587B /* ImageResponseModel.swift */; };
		D2BF909A2B76B5C40093833A /* Keys.plist in Resources */ = {isa = PBXBuildFile; fileRef = D2BF90992B76B5C40093833A /* Keys.plist */; };
		D2BF909C2B76B6280093833A /* .gitignore in Resources */ = {isa = PBXBuildFile; fileRef = D2BF909B2B76B6280093833A /* .gitignore */; };
		D2BF909E2B76B7240093833A /* AppConfig.swift in Sources */ = {isa = PBXBuildFile; fileRef = D2BF909D2B76B7240093833A /* AppConfig.swift */; };
		D2BF90A02B76F5370093833A /* RequestHandler.swift in Sources */ = {isa = PBXBuildFile; fileRef = D2BF909F2B76F5370093833A /* RequestHandler.swift */; };
		D2BF90A22B76FE640093833A /* PopupViewNew.swift in Sources */ = {isa = PBXBuildFile; fileRef = D2BF90A12B76FE640093833A /* PopupViewNew.swift */; };
/* End PBXBuildFile section */

/* Begin PBXContainerItemProxy section */
		D29E269E2B6DDBF500E0FCFF /* PBXContainerItemProxy */ = {
			isa = PBXContainerItemProxy;
			containerPortal = D29E26842B6DDBF400E0FCFF /* Project object */;
			proxyType = 1;
			remoteGlobalIDString = D29E268B2B6DDBF400E0FCFF;
			remoteInfo = ScreenshotApp;
		};
		D29E26A82B6DDBF500E0FCFF /* PBXContainerItemProxy */ = {
			isa = PBXContainerItemProxy;
			containerPortal = D29E26842B6DDBF400E0FCFF /* Project object */;
			proxyType = 1;
			remoteGlobalIDString = D29E268B2B6DDBF400E0FCFF;
			remoteInfo = ScreenshotApp;
		};
/* End PBXContainerItemProxy section */

/* Begin PBXFileReference section */
		D24CE3072B6F2D2000EDD413 /* ErrorModels.swift */ = {isa = PBXFileReference; lastKnownFileType = sourcecode.swift; path = ErrorModels.swift; sourceTree = "<group>"; };
		D24CE3092B6F7AB700EDD413 /* PromptModel.swift */ = {isa = PBXFileReference; lastKnownFileType = sourcecode.swift; path = PromptModel.swift; sourceTree = "<group>"; };
		D29E268C2B6DDBF400E0FCFF /* ScreenshotApp.app */ = {isa = PBXFileReference; explicitFileType = wrapper.application; includeInIndex = 0; path = ScreenshotApp.app; sourceTree = BUILT_PRODUCTS_DIR; };
		D29E268F2B6DDBF400E0FCFF /* ScreenshotAppApp.swift */ = {isa = PBXFileReference; lastKnownFileType = sourcecode.swift; path = ScreenshotAppApp.swift; sourceTree = "<group>"; };
		D29E26912B6DDBF400E0FCFF /* ContentView.swift */ = {isa = PBXFileReference; lastKnownFileType = sourcecode.swift; path = ContentView.swift; sourceTree = "<group>"; };
		D29E26932B6DDBF500E0FCFF /* Assets.xcassets */ = {isa = PBXFileReference; lastKnownFileType = folder.assetcatalog; path = Assets.xcassets; sourceTree = "<group>"; };
		D29E26962B6DDBF500E0FCFF /* Preview Assets.xcassets */ = {isa = PBXFileReference; lastKnownFileType = folder.assetcatalog; path = "Preview Assets.xcassets"; sourceTree = "<group>"; };
		D29E26982B6DDBF500E0FCFF /* ScreenshotApp.entitlements */ = {isa = PBXFileReference; lastKnownFileType = text.plist.entitlements; path = ScreenshotApp.entitlements; sourceTree = "<group>"; };
		D29E269D2B6DDBF500E0FCFF /* ScreenshotAppTests.xctest */ = {isa = PBXFileReference; explicitFileType = wrapper.cfbundle; includeInIndex = 0; path = ScreenshotAppTests.xctest; sourceTree = BUILT_PRODUCTS_DIR; };
		D29E26A12B6DDBF500E0FCFF /* ScreenshotAppTests.swift */ = {isa = PBXFileReference; lastKnownFileType = sourcecode.swift; path = ScreenshotAppTests.swift; sourceTree = "<group>"; };
		D29E26A72B6DDBF500E0FCFF /* ScreenshotAppUITests.xctest */ = {isa = PBXFileReference; explicitFileType = wrapper.cfbundle; includeInIndex = 0; path = ScreenshotAppUITests.xctest; sourceTree = BUILT_PRODUCTS_DIR; };
		D29E26AB2B6DDBF500E0FCFF /* ScreenshotAppUITests.swift */ = {isa = PBXFileReference; lastKnownFileType = sourcecode.swift; path = ScreenshotAppUITests.swift; sourceTree = "<group>"; };
		D29E26AD2B6DDBF500E0FCFF /* ScreenshotAppUITestsLaunchTests.swift */ = {isa = PBXFileReference; lastKnownFileType = sourcecode.swift; path = ScreenshotAppUITestsLaunchTests.swift; sourceTree = "<group>"; };
		D29E26BA2B6DDC0600E0FCFF /* PopupView.swift */ = {isa = PBXFileReference; lastKnownFileType = sourcecode.swift; path = PopupView.swift; sourceTree = "<group>"; };
		D29E26BC2B6DDC1E00E0FCFF /* AppDelegate.swift */ = {isa = PBXFileReference; lastKnownFileType = sourcecode.swift; path = AppDelegate.swift; sourceTree = "<group>"; };
		D29E26BE2B6DF01900E0FCFF /* WindowManager.swift */ = {isa = PBXFileReference; lastKnownFileType = sourcecode.swift; path = WindowManager.swift; sourceTree = "<group>"; };
		D2A699B62B6E200F0034587B /* SelectionView.swift */ = {isa = PBXFileReference; lastKnownFileType = sourcecode.swift; path = SelectionView.swift; sourceTree = "<group>"; };
		D2A699B82B6E220B0034587B /* SelectionViewRepresentable.swift */ = {isa = PBXFileReference; lastKnownFileType = sourcecode.swift; path = SelectionViewRepresentable.swift; sourceTree = "<group>"; };
		D2A699BB2B6E39810034587B /* ScreenCaptureManager.swift */ = {isa = PBXFileReference; lastKnownFileType = sourcecode.swift; path = ScreenCaptureManager.swift; sourceTree = "<group>"; };
		D2A699C32B6EE3530034587B /* ImageRequestModel.swift */ = {isa = PBXFileReference; lastKnownFileType = sourcecode.swift; path = ImageRequestModel.swift; sourceTree = "<group>"; };
		D2A699C52B6EE8080034587B /* ImageRequest.swift */ = {isa = PBXFileReference; lastKnownFileType = sourcecode.swift; path = ImageRequest.swift; sourceTree = "<group>"; };
		D2A699C72B6EFE280034587B /* ImageResponseModel.swift */ = {isa = PBXFileReference; lastKnownFileType = sourcecode.swift; path = ImageResponseModel.swift; sourceTree = "<group>"; };
		D2BF90992B76B5C40093833A /* Keys.plist */ = {isa = PBXFileReference; lastKnownFileType = text.plist.xml; path = Keys.plist; sourceTree = "<group>"; };
		D2BF909B2B76B6280093833A /* .gitignore */ = {isa = PBXFileReference; lastKnownFileType = text; path = .gitignore; sourceTree = "<group>"; };
		D2BF909D2B76B7240093833A /* AppConfig.swift */ = {isa = PBXFileReference; lastKnownFileType = sourcecode.swift; path = AppConfig.swift; sourceTree = "<group>"; };
		D2BF909F2B76F5370093833A /* RequestHandler.swift */ = {isa = PBXFileReference; lastKnownFileType = sourcecode.swift; path = RequestHandler.swift; sourceTree = "<group>"; };
		D2BF90A12B76FE640093833A /* PopupViewNew.swift */ = {isa = PBXFileReference; lastKnownFileType = sourcecode.swift; path = PopupViewNew.swift; sourceTree = "<group>"; };
/* End PBXFileReference section */

/* Begin PBXFrameworksBuildPhase section */
		D29E26892B6DDBF400E0FCFF /* Frameworks */ = {
			isa = PBXFrameworksBuildPhase;
			buildActionMask = 2147483647;
			files = (
			);
			runOnlyForDeploymentPostprocessing = 0;
		};
		D29E269A2B6DDBF500E0FCFF /* Frameworks */ = {
			isa = PBXFrameworksBuildPhase;
			buildActionMask = 2147483647;
			files = (
			);
			runOnlyForDeploymentPostprocessing = 0;
		};
		D29E26A42B6DDBF500E0FCFF /* Frameworks */ = {
			isa = PBXFrameworksBuildPhase;
			buildActionMask = 2147483647;
			files = (
			);
			runOnlyForDeploymentPostprocessing = 0;
		};
/* End PBXFrameworksBuildPhase section */

/* Begin PBXGroup section */
		D29E26832B6DDBF400E0FCFF = {
			isa = PBXGroup;
			children = (
				D2BF909B2B76B6280093833A /* .gitignore */,
				D29E268E2B6DDBF400E0FCFF /* ScreenshotApp */,
				D29E26A02B6DDBF500E0FCFF /* ScreenshotAppTests */,
				D29E26AA2B6DDBF500E0FCFF /* ScreenshotAppUITests */,
				D29E268D2B6DDBF400E0FCFF /* Products */,
			);
			sourceTree = "<group>";
		};
		D29E268D2B6DDBF400E0FCFF /* Products */ = {
			isa = PBXGroup;
			children = (
				D29E268C2B6DDBF400E0FCFF /* ScreenshotApp.app */,
				D29E269D2B6DDBF500E0FCFF /* ScreenshotAppTests.xctest */,
				D29E26A72B6DDBF500E0FCFF /* ScreenshotAppUITests.xctest */,
			);
			name = Products;
			sourceTree = "<group>";
		};
		D29E268E2B6DDBF400E0FCFF /* ScreenshotApp */ = {
			isa = PBXGroup;
			children = (
				D2BF90982B76B59F0093833A /* SupportingFiles */,
				D2A699C22B6EE33F0034587B /* Models */,
				D2A699C12B6EE3370034587B /* Networking */,
				D2A699BD2B6ECA870034587B /* Tools */,
				D29E268F2B6DDBF400E0FCFF /* ScreenshotAppApp.swift */,
				D29E26912B6DDBF400E0FCFF /* ContentView.swift */,
				D29E26932B6DDBF500E0FCFF /* Assets.xcassets */,
				D29E26982B6DDBF500E0FCFF /* ScreenshotApp.entitlements */,
				D29E26952B6DDBF500E0FCFF /* Preview Content */,
				D29E26BA2B6DDC0600E0FCFF /* PopupView.swift */,
				D29E26BC2B6DDC1E00E0FCFF /* AppDelegate.swift */,
				D29E26BE2B6DF01900E0FCFF /* WindowManager.swift */,
				D2BF90A12B76FE640093833A /* PopupViewNew.swift */,
			);
			path = ScreenshotApp;
			sourceTree = "<group>";
		};
		D29E26952B6DDBF500E0FCFF /* Preview Content */ = {
			isa = PBXGroup;
			children = (
				D29E26962B6DDBF500E0FCFF /* Preview Assets.xcassets */,
			);
			path = "Preview Content";
			sourceTree = "<group>";
		};
		D29E26A02B6DDBF500E0FCFF /* ScreenshotAppTests */ = {
			isa = PBXGroup;
			children = (
				D29E26A12B6DDBF500E0FCFF /* ScreenshotAppTests.swift */,
			);
			path = ScreenshotAppTests;
			sourceTree = "<group>";
		};
		D29E26AA2B6DDBF500E0FCFF /* ScreenshotAppUITests */ = {
			isa = PBXGroup;
			children = (
				D29E26AB2B6DDBF500E0FCFF /* ScreenshotAppUITests.swift */,
				D29E26AD2B6DDBF500E0FCFF /* ScreenshotAppUITestsLaunchTests.swift */,
			);
			path = ScreenshotAppUITests;
			sourceTree = "<group>";
		};
		D2A699BA2B6E395D0034587B /* Screenshot */ = {
			isa = PBXGroup;
			children = (
				D2A699B62B6E200F0034587B /* SelectionView.swift */,
				D2A699B82B6E220B0034587B /* SelectionViewRepresentable.swift */,
				D2A699BB2B6E39810034587B /* ScreenCaptureManager.swift */,
			);
			path = Screenshot;
			sourceTree = "<group>";
		};
		D2A699BD2B6ECA870034587B /* Tools */ = {
			isa = PBXGroup;
			children = (
				D2A699BE2B6ECA930034587B /* CoreML */,
				D2A699BA2B6E395D0034587B /* Screenshot */,
			);
			path = Tools;
			sourceTree = "<group>";
		};
		D2A699BE2B6ECA930034587B /* CoreML */ = {
			isa = PBXGroup;
			children = (
			);
			path = CoreML;
			sourceTree = "<group>";
		};
		D2A699C12B6EE3370034587B /* Networking */ = {
			isa = PBXGroup;
			children = (
				D2A699C52B6EE8080034587B /* ImageRequest.swift */,
				D2BF909F2B76F5370093833A /* RequestHandler.swift */,
			);
			path = Networking;
			sourceTree = "<group>";
		};
		D2A699C22B6EE33F0034587B /* Models */ = {
			isa = PBXGroup;
			children = (
				D2A699C32B6EE3530034587B /* ImageRequestModel.swift */,
				D2A699C72B6EFE280034587B /* ImageResponseModel.swift */,
				D24CE3072B6F2D2000EDD413 /* ErrorModels.swift */,
				D24CE3092B6F7AB700EDD413 /* PromptModel.swift */,
				D2BF909D2B76B7240093833A /* AppConfig.swift */,
			);
			path = Models;
			sourceTree = "<group>";
		};
		D2BF90982B76B59F0093833A /* SupportingFiles */ = {
			isa = PBXGroup;
			children = (
				D2BF90992B76B5C40093833A /* Keys.plist */,
			);
			path = SupportingFiles;
			sourceTree = "<group>";
		};
/* End PBXGroup section */

/* Begin PBXNativeTarget section */
		D29E268B2B6DDBF400E0FCFF /* ScreenshotApp */ = {
			isa = PBXNativeTarget;
			buildConfigurationList = D29E26B12B6DDBF500E0FCFF /* Build configuration list for PBXNativeTarget "ScreenshotApp" */;
			buildPhases = (
				D29E26882B6DDBF400E0FCFF /* Sources */,
				D29E26892B6DDBF400E0FCFF /* Frameworks */,
				D29E268A2B6DDBF400E0FCFF /* Resources */,
			);
			buildRules = (
			);
			dependencies = (
			);
			name = ScreenshotApp;
			productName = ScreenshotApp;
			productReference = D29E268C2B6DDBF400E0FCFF /* ScreenshotApp.app */;
			productType = "com.apple.product-type.application";
		};
		D29E269C2B6DDBF500E0FCFF /* ScreenshotAppTests */ = {
			isa = PBXNativeTarget;
			buildConfigurationList = D29E26B42B6DDBF500E0FCFF /* Build configuration list for PBXNativeTarget "ScreenshotAppTests" */;
			buildPhases = (
				D29E26992B6DDBF500E0FCFF /* Sources */,
				D29E269A2B6DDBF500E0FCFF /* Frameworks */,
				D29E269B2B6DDBF500E0FCFF /* Resources */,
			);
			buildRules = (
			);
			dependencies = (
				D29E269F2B6DDBF500E0FCFF /* PBXTargetDependency */,
			);
			name = ScreenshotAppTests;
			productName = ScreenshotAppTests;
			productReference = D29E269D2B6DDBF500E0FCFF /* ScreenshotAppTests.xctest */;
			productType = "com.apple.product-type.bundle.unit-test";
		};
		D29E26A62B6DDBF500E0FCFF /* ScreenshotAppUITests */ = {
			isa = PBXNativeTarget;
			buildConfigurationList = D29E26B72B6DDBF500E0FCFF /* Build configuration list for PBXNativeTarget "ScreenshotAppUITests" */;
			buildPhases = (
				D29E26A32B6DDBF500E0FCFF /* Sources */,
				D29E26A42B6DDBF500E0FCFF /* Frameworks */,
				D29E26A52B6DDBF500E0FCFF /* Resources */,
			);
			buildRules = (
			);
			dependencies = (
				D29E26A92B6DDBF500E0FCFF /* PBXTargetDependency */,
			);
			name = ScreenshotAppUITests;
			productName = ScreenshotAppUITests;
			productReference = D29E26A72B6DDBF500E0FCFF /* ScreenshotAppUITests.xctest */;
			productType = "com.apple.product-type.bundle.ui-testing";
		};
/* End PBXNativeTarget section */

/* Begin PBXProject section */
		D29E26842B6DDBF400E0FCFF /* Project object */ = {
			isa = PBXProject;
			attributes = {
				BuildIndependentTargetsInParallel = 1;
				LastSwiftUpdateCheck = 1520;
				LastUpgradeCheck = 1520;
				TargetAttributes = {
					D29E268B2B6DDBF400E0FCFF = {
						CreatedOnToolsVersion = 15.2;
					};
					D29E269C2B6DDBF500E0FCFF = {
						CreatedOnToolsVersion = 15.2;
						TestTargetID = D29E268B2B6DDBF400E0FCFF;
					};
					D29E26A62B6DDBF500E0FCFF = {
						CreatedOnToolsVersion = 15.2;
						TestTargetID = D29E268B2B6DDBF400E0FCFF;
					};
				};
			};
			buildConfigurationList = D29E26872B6DDBF400E0FCFF /* Build configuration list for PBXProject "ScreenshotApp" */;
			compatibilityVersion = "Xcode 14.0";
			developmentRegion = en;
			hasScannedForEncodings = 0;
			knownRegions = (
				en,
				Base,
			);
			mainGroup = D29E26832B6DDBF400E0FCFF;
			productRefGroup = D29E268D2B6DDBF400E0FCFF /* Products */;
			projectDirPath = "";
			projectRoot = "";
			targets = (
				D29E268B2B6DDBF400E0FCFF /* ScreenshotApp */,
				D29E269C2B6DDBF500E0FCFF /* ScreenshotAppTests */,
				D29E26A62B6DDBF500E0FCFF /* ScreenshotAppUITests */,
			);
		};
/* End PBXProject section */

/* Begin PBXResourcesBuildPhase section */
		D29E268A2B6DDBF400E0FCFF /* Resources */ = {
			isa = PBXResourcesBuildPhase;
			buildActionMask = 2147483647;
			files = (
				D2BF909C2B76B6280093833A /* .gitignore in Resources */,
				D2BF909A2B76B5C40093833A /* Keys.plist in Resources */,
				D29E26972B6DDBF500E0FCFF /* Preview Assets.xcassets in Resources */,
				D29E26942B6DDBF500E0FCFF /* Assets.xcassets in Resources */,
			);
			runOnlyForDeploymentPostprocessing = 0;
		};
		D29E269B2B6DDBF500E0FCFF /* Resources */ = {
			isa = PBXResourcesBuildPhase;
			buildActionMask = 2147483647;
			files = (
			);
			runOnlyForDeploymentPostprocessing = 0;
		};
		D29E26A52B6DDBF500E0FCFF /* Resources */ = {
			isa = PBXResourcesBuildPhase;
			buildActionMask = 2147483647;
			files = (
			);
			runOnlyForDeploymentPostprocessing = 0;
		};
/* End PBXResourcesBuildPhase section */

/* Begin PBXSourcesBuildPhase section */
		D29E26882B6DDBF400E0FCFF /* Sources */ = {
			isa = PBXSourcesBuildPhase;
			buildActionMask = 2147483647;
			files = (
				D29E26BD2B6DDC1E00E0FCFF /* AppDelegate.swift in Sources */,
				D29E26BB2B6DDC0600E0FCFF /* PopupView.swift in Sources */,
				D24CE30A2B6F7AB700EDD413 /* PromptModel.swift in Sources */,
				D2BF909E2B76B7240093833A /* AppConfig.swift in Sources */,
				D29E26922B6DDBF400E0FCFF /* ContentView.swift in Sources */,
				D29E26902B6DDBF400E0FCFF /* ScreenshotAppApp.swift in Sources */,
				D2BF90A22B76FE640093833A /* PopupViewNew.swift in Sources */,
				D2A699BC2B6E39810034587B /* ScreenCaptureManager.swift in Sources */,
				D29E26BF2B6DF01900E0FCFF /* WindowManager.swift in Sources */,
				D24CE3082B6F2D2000EDD413 /* ErrorModels.swift in Sources */,
				D2A699B72B6E200F0034587B /* SelectionView.swift in Sources */,
				D2A699C82B6EFE280034587B /* ImageResponseModel.swift in Sources */,
				D2BF90A02B76F5370093833A /* RequestHandler.swift in Sources */,
				D2A699B92B6E220B0034587B /* SelectionViewRepresentable.swift in Sources */,
				D2A699C42B6EE3530034587B /* ImageRequestModel.swift in Sources */,
				D2A699C62B6EE8080034587B /* ImageRequest.swift in Sources */,
			);
			runOnlyForDeploymentPostprocessing = 0;
		};
		D29E26992B6DDBF500E0FCFF /* Sources */ = {
			isa = PBXSourcesBuildPhase;
			buildActionMask = 2147483647;
			files = (
				D29E26A22B6DDBF500E0FCFF /* ScreenshotAppTests.swift in Sources */,
			);
			runOnlyForDeploymentPostprocessing = 0;
		};
		D29E26A32B6DDBF500E0FCFF /* Sources */ = {
			isa = PBXSourcesBuildPhase;
			buildActionMask = 2147483647;
			files = (
				D29E26AE2B6DDBF500E0FCFF /* ScreenshotAppUITestsLaunchTests.swift in Sources */,
				D29E26AC2B6DDBF500E0FCFF /* ScreenshotAppUITests.swift in Sources */,
			);
			runOnlyForDeploymentPostprocessing = 0;
		};
/* End PBXSourcesBuildPhase section */

/* Begin PBXTargetDependency section */
		D29E269F2B6DDBF500E0FCFF /* PBXTargetDependency */ = {
			isa = PBXTargetDependency;
			target = D29E268B2B6DDBF400E0FCFF /* ScreenshotApp */;
			targetProxy = D29E269E2B6DDBF500E0FCFF /* PBXContainerItemProxy */;
		};
		D29E26A92B6DDBF500E0FCFF /* PBXTargetDependency */ = {
			isa = PBXTargetDependency;
			target = D29E268B2B6DDBF400E0FCFF /* ScreenshotApp */;
			targetProxy = D29E26A82B6DDBF500E0FCFF /* PBXContainerItemProxy */;
		};
/* End PBXTargetDependency section */

/* Begin XCBuildConfiguration section */
		D29E26AF2B6DDBF500E0FCFF /* Debug */ = {
			isa = XCBuildConfiguration;
			buildSettings = {
				ALWAYS_SEARCH_USER_PATHS = NO;
				ASSETCATALOG_COMPILER_GENERATE_SWIFT_ASSET_SYMBOL_EXTENSIONS = YES;
				CLANG_ANALYZER_NONNULL = YES;
				CLANG_ANALYZER_NUMBER_OBJECT_CONVERSION = YES_AGGRESSIVE;
				CLANG_CXX_LANGUAGE_STANDARD = "gnu++20";
				CLANG_ENABLE_MODULES = YES;
				CLANG_ENABLE_OBJC_ARC = YES;
				CLANG_ENABLE_OBJC_WEAK = YES;
				CLANG_WARN_BLOCK_CAPTURE_AUTORELEASING = YES;
				CLANG_WARN_BOOL_CONVERSION = YES;
				CLANG_WARN_COMMA = YES;
				CLANG_WARN_CONSTANT_CONVERSION = YES;
				CLANG_WARN_DEPRECATED_OBJC_IMPLEMENTATIONS = YES;
				CLANG_WARN_DIRECT_OBJC_ISA_USAGE = YES_ERROR;
				CLANG_WARN_DOCUMENTATION_COMMENTS = YES;
				CLANG_WARN_EMPTY_BODY = YES;
				CLANG_WARN_ENUM_CONVERSION = YES;
				CLANG_WARN_INFINITE_RECURSION = YES;
				CLANG_WARN_INT_CONVERSION = YES;
				CLANG_WARN_NON_LITERAL_NULL_CONVERSION = YES;
				CLANG_WARN_OBJC_IMPLICIT_RETAIN_SELF = YES;
				CLANG_WARN_OBJC_LITERAL_CONVERSION = YES;
				CLANG_WARN_OBJC_ROOT_CLASS = YES_ERROR;
				CLANG_WARN_QUOTED_INCLUDE_IN_FRAMEWORK_HEADER = YES;
				CLANG_WARN_RANGE_LOOP_ANALYSIS = YES;
				CLANG_WARN_STRICT_PROTOTYPES = YES;
				CLANG_WARN_SUSPICIOUS_MOVE = YES;
				CLANG_WARN_UNGUARDED_AVAILABILITY = YES_AGGRESSIVE;
				CLANG_WARN_UNREACHABLE_CODE = YES;
				CLANG_WARN__DUPLICATE_METHOD_MATCH = YES;
				COPY_PHASE_STRIP = NO;
				DEBUG_INFORMATION_FORMAT = dwarf;
				ENABLE_STRICT_OBJC_MSGSEND = YES;
				ENABLE_TESTABILITY = YES;
				ENABLE_USER_SCRIPT_SANDBOXING = YES;
				GCC_C_LANGUAGE_STANDARD = gnu17;
				GCC_DYNAMIC_NO_PIC = NO;
				GCC_NO_COMMON_BLOCKS = YES;
				GCC_OPTIMIZATION_LEVEL = 0;
				GCC_PREPROCESSOR_DEFINITIONS = (
					"DEBUG=1",
					"$(inherited)",
				);
				GCC_WARN_64_TO_32_BIT_CONVERSION = YES;
				GCC_WARN_ABOUT_RETURN_TYPE = YES_ERROR;
				GCC_WARN_UNDECLARED_SELECTOR = YES;
				GCC_WARN_UNINITIALIZED_AUTOS = YES_AGGRESSIVE;
				GCC_WARN_UNUSED_FUNCTION = YES;
				GCC_WARN_UNUSED_VARIABLE = YES;
				LOCALIZATION_PREFERS_STRING_CATALOGS = YES;
				MACOSX_DEPLOYMENT_TARGET = 14.0;
				MTL_ENABLE_DEBUG_INFO = INCLUDE_SOURCE;
				MTL_FAST_MATH = YES;
				ONLY_ACTIVE_ARCH = YES;
				SDKROOT = macosx;
				SWIFT_ACTIVE_COMPILATION_CONDITIONS = "DEBUG $(inherited)";
				SWIFT_OPTIMIZATION_LEVEL = "-Onone";
			};
			name = Debug;
		};
		D29E26B02B6DDBF500E0FCFF /* Release */ = {
			isa = XCBuildConfiguration;
			buildSettings = {
				ALWAYS_SEARCH_USER_PATHS = NO;
				ASSETCATALOG_COMPILER_GENERATE_SWIFT_ASSET_SYMBOL_EXTENSIONS = YES;
				CLANG_ANALYZER_NONNULL = YES;
				CLANG_ANALYZER_NUMBER_OBJECT_CONVERSION = YES_AGGRESSIVE;
				CLANG_CXX_LANGUAGE_STANDARD = "gnu++20";
				CLANG_ENABLE_MODULES = YES;
				CLANG_ENABLE_OBJC_ARC = YES;
				CLANG_ENABLE_OBJC_WEAK = YES;
				CLANG_WARN_BLOCK_CAPTURE_AUTORELEASING = YES;
				CLANG_WARN_BOOL_CONVERSION = YES;
				CLANG_WARN_COMMA = YES;
				CLANG_WARN_CONSTANT_CONVERSION = YES;
				CLANG_WARN_DEPRECATED_OBJC_IMPLEMENTATIONS = YES;
				CLANG_WARN_DIRECT_OBJC_ISA_USAGE = YES_ERROR;
				CLANG_WARN_DOCUMENTATION_COMMENTS = YES;
				CLANG_WARN_EMPTY_BODY = YES;
				CLANG_WARN_ENUM_CONVERSION = YES;
				CLANG_WARN_INFINITE_RECURSION = YES;
				CLANG_WARN_INT_CONVERSION = YES;
				CLANG_WARN_NON_LITERAL_NULL_CONVERSION = YES;
				CLANG_WARN_OBJC_IMPLICIT_RETAIN_SELF = YES;
				CLANG_WARN_OBJC_LITERAL_CONVERSION = YES;
				CLANG_WARN_OBJC_ROOT_CLASS = YES_ERROR;
				CLANG_WARN_QUOTED_INCLUDE_IN_FRAMEWORK_HEADER = YES;
				CLANG_WARN_RANGE_LOOP_ANALYSIS = YES;
				CLANG_WARN_STRICT_PROTOTYPES = YES;
				CLANG_WARN_SUSPICIOUS_MOVE = YES;
				CLANG_WARN_UNGUARDED_AVAILABILITY = YES_AGGRESSIVE;
				CLANG_WARN_UNREACHABLE_CODE = YES;
				CLANG_WARN__DUPLICATE_METHOD_MATCH = YES;
				COPY_PHASE_STRIP = NO;
				DEBUG_INFORMATION_FORMAT = "dwarf-with-dsym";
				ENABLE_NS_ASSERTIONS = NO;
				ENABLE_STRICT_OBJC_MSGSEND = YES;
				ENABLE_USER_SCRIPT_SANDBOXING = YES;
				GCC_C_LANGUAGE_STANDARD = gnu17;
				GCC_NO_COMMON_BLOCKS = YES;
				GCC_WARN_64_TO_32_BIT_CONVERSION = YES;
				GCC_WARN_ABOUT_RETURN_TYPE = YES_ERROR;
				GCC_WARN_UNDECLARED_SELECTOR = YES;
				GCC_WARN_UNINITIALIZED_AUTOS = YES_AGGRESSIVE;
				GCC_WARN_UNUSED_FUNCTION = YES;
				GCC_WARN_UNUSED_VARIABLE = YES;
				LOCALIZATION_PREFERS_STRING_CATALOGS = YES;
				MACOSX_DEPLOYMENT_TARGET = 14.0;
				MTL_ENABLE_DEBUG_INFO = NO;
				MTL_FAST_MATH = YES;
				SDKROOT = macosx;
				SWIFT_COMPILATION_MODE = wholemodule;
			};
			name = Release;
		};
		D29E26B22B6DDBF500E0FCFF /* Debug */ = {
			isa = XCBuildConfiguration;
			buildSettings = {
				ASSETCATALOG_COMPILER_APPICON_NAME = AppIcon;
				ASSETCATALOG_COMPILER_GLOBAL_ACCENT_COLOR_NAME = AccentColor;
				CODE_SIGN_ENTITLEMENTS = ScreenshotApp/ScreenshotApp.entitlements;
				CODE_SIGN_STYLE = Automatic;
				COMBINE_HIDPI_IMAGES = YES;
				CURRENT_PROJECT_VERSION = 1;
				DEVELOPMENT_ASSET_PATHS = "\"ScreenshotApp/Preview Content\"";
				DEVELOPMENT_TEAM = JBH563KBQ6;
				ENABLE_HARDENED_RUNTIME = YES;
				ENABLE_PREVIEWS = YES;
				GENERATE_INFOPLIST_FILE = YES;
				INFOPLIST_KEY_NSHumanReadableCopyright = "";
				LD_RUNPATH_SEARCH_PATHS = (
					"$(inherited)",
					"@executable_path/../Frameworks",
				);
				MARKETING_VERSION = 1.0;
				PRODUCT_BUNDLE_IDENTIFIER = com.mcalapai.ScreenshotApp;
				PRODUCT_NAME = "$(TARGET_NAME)";
				SWIFT_EMIT_LOC_STRINGS = YES;
				SWIFT_VERSION = 5.0;
			};
			name = Debug;
		};
		D29E26B32B6DDBF500E0FCFF /* Release */ = {
			isa = XCBuildConfiguration;
			buildSettings = {
				ASSETCATALOG_COMPILER_APPICON_NAME = AppIcon;
				ASSETCATALOG_COMPILER_GLOBAL_ACCENT_COLOR_NAME = AccentColor;
				CODE_SIGN_ENTITLEMENTS = ScreenshotApp/ScreenshotApp.entitlements;
				CODE_SIGN_STYLE = Automatic;
				COMBINE_HIDPI_IMAGES = YES;
				CURRENT_PROJECT_VERSION = 1;
				DEVELOPMENT_ASSET_PATHS = "\"ScreenshotApp/Preview Content\"";
				DEVELOPMENT_TEAM = JBH563KBQ6;
				ENABLE_HARDENED_RUNTIME = YES;
				ENABLE_PREVIEWS = YES;
				GENERATE_INFOPLIST_FILE = YES;
				INFOPLIST_KEY_NSHumanReadableCopyright = "";
				LD_RUNPATH_SEARCH_PATHS = (
					"$(inherited)",
					"@executable_path/../Frameworks",
				);
				MARKETING_VERSION = 1.0;
				PRODUCT_BUNDLE_IDENTIFIER = com.mcalapai.ScreenshotApp;
				PRODUCT_NAME = "$(TARGET_NAME)";
				SWIFT_EMIT_LOC_STRINGS = YES;
				SWIFT_VERSION = 5.0;
			};
			name = Release;
		};
		D29E26B52B6DDBF500E0FCFF /* Debug */ = {
			isa = XCBuildConfiguration;
			buildSettings = {
				ALWAYS_EMBED_SWIFT_STANDARD_LIBRARIES = YES;
				BUNDLE_LOADER = "$(TEST_HOST)";
				CODE_SIGN_STYLE = Automatic;
				CURRENT_PROJECT_VERSION = 1;
				DEVELOPMENT_TEAM = JBH563KBQ6;
				GENERATE_INFOPLIST_FILE = YES;
				MACOSX_DEPLOYMENT_TARGET = 14.0;
				MARKETING_VERSION = 1.0;
				PRODUCT_BUNDLE_IDENTIFIER = com.mcalapai.ScreenshotAppTests;
				PRODUCT_NAME = "$(TARGET_NAME)";
				SWIFT_EMIT_LOC_STRINGS = NO;
				SWIFT_VERSION = 5.0;
				TEST_HOST = "$(BUILT_PRODUCTS_DIR)/ScreenshotApp.app/$(BUNDLE_EXECUTABLE_FOLDER_PATH)/ScreenshotApp";
			};
			name = Debug;
		};
		D29E26B62B6DDBF500E0FCFF /* Release */ = {
			isa = XCBuildConfiguration;
			buildSettings = {
				ALWAYS_EMBED_SWIFT_STANDARD_LIBRARIES = YES;
				BUNDLE_LOADER = "$(TEST_HOST)";
				CODE_SIGN_STYLE = Automatic;
				CURRENT_PROJECT_VERSION = 1;
				DEVELOPMENT_TEAM = JBH563KBQ6;
				GENERATE_INFOPLIST_FILE = YES;
				MACOSX_DEPLOYMENT_TARGET = 14.0;
				MARKETING_VERSION = 1.0;
				PRODUCT_BUNDLE_IDENTIFIER = com.mcalapai.ScreenshotAppTests;
				PRODUCT_NAME = "$(TARGET_NAME)";
				SWIFT_EMIT_LOC_STRINGS = NO;
				SWIFT_VERSION = 5.0;
				TEST_HOST = "$(BUILT_PRODUCTS_DIR)/ScreenshotApp.app/$(BUNDLE_EXECUTABLE_FOLDER_PATH)/ScreenshotApp";
			};
			name = Release;
		};
		D29E26B82B6DDBF500E0FCFF /* Debug */ = {
			isa = XCBuildConfiguration;
			buildSettings = {
				ALWAYS_EMBED_SWIFT_STANDARD_LIBRARIES = YES;
				CODE_SIGN_STYLE = Automatic;
				CURRENT_PROJECT_VERSION = 1;
				DEVELOPMENT_TEAM = JBH563KBQ6;
				GENERATE_INFOPLIST_FILE = YES;
				MARKETING_VERSION = 1.0;
				PRODUCT_BUNDLE_IDENTIFIER = com.mcalapai.ScreenshotAppUITests;
				PRODUCT_NAME = "$(TARGET_NAME)";
				SWIFT_EMIT_LOC_STRINGS = NO;
				SWIFT_VERSION = 5.0;
				TEST_TARGET_NAME = ScreenshotApp;
			};
			name = Debug;
		};
		D29E26B92B6DDBF500E0FCFF /* Release */ = {
			isa = XCBuildConfiguration;
			buildSettings = {
				ALWAYS_EMBED_SWIFT_STANDARD_LIBRARIES = YES;
				CODE_SIGN_STYLE = Automatic;
				CURRENT_PROJECT_VERSION = 1;
				DEVELOPMENT_TEAM = JBH563KBQ6;
				GENERATE_INFOPLIST_FILE = YES;
				MARKETING_VERSION = 1.0;
				PRODUCT_BUNDLE_IDENTIFIER = com.mcalapai.ScreenshotAppUITests;
				PRODUCT_NAME = "$(TARGET_NAME)";
				SWIFT_EMIT_LOC_STRINGS = NO;
				SWIFT_VERSION = 5.0;
				TEST_TARGET_NAME = ScreenshotApp;
			};
			name = Release;
		};
/* End XCBuildConfiguration section */

/* Begin XCConfigurationList section */
		D29E26872B6DDBF400E0FCFF /* Build configuration list for PBXProject "ScreenshotApp" */ = {
			isa = XCConfigurationList;
			buildConfigurations = (
				D29E26AF2B6DDBF500E0FCFF /* Debug */,
				D29E26B02B6DDBF500E0FCFF /* Release */,
			);
			defaultConfigurationIsVisible = 0;
			defaultConfigurationName = Release;
		};
		D29E26B12B6DDBF500E0FCFF /* Build configuration list for PBXNativeTarget "ScreenshotApp" */ = {
			isa = XCConfigurationList;
			buildConfigurations = (
				D29E26B22B6DDBF500E0FCFF /* Debug */,
				D29E26B32B6DDBF500E0FCFF /* Release */,
			);
			defaultConfigurationIsVisible = 0;
			defaultConfigurationName = Release;
		};
		D29E26B42B6DDBF500E0FCFF /* Build configuration list for PBXNativeTarget "ScreenshotAppTests" */ = {
			isa = XCConfigurationList;
			buildConfigurations = (
				D29E26B52B6DDBF500E0FCFF /* Debug */,
				D29E26B62B6DDBF500E0FCFF /* Release */,
			);
			defaultConfigurationIsVisible = 0;
			defaultConfigurationName = Release;
		};
		D29E26B72B6DDBF500E0FCFF /* Build configuration list for PBXNativeTarget "ScreenshotAppUITests" */ = {
			isa = XCConfigurationList;
			buildConfigurations = (
				D29E26B82B6DDBF500E0FCFF /* Debug */,
				D29E26B92B6DDBF500E0FCFF /* Release */,
			);
			defaultConfigurationIsVisible = 0;
			defaultConfigurationName = Release;
		};
/* End XCConfigurationList section */
	};
	rootObject = D29E26842B6DDBF400E0FCFF /* Project object */;
}
